{
	"name": "epinfer",
	"version": "1.1.5",
	"lockfileVersion": 3,
	"requires": true,
	"packages": {
		"": {
			"name": "epinfer",
			"version": "1.1.5",
			"license": "LGPL-3.0",
			"dependencies": {
				"country-data": "0.0.x",
				"protoblast": "^0.6.7"
			},
			"devDependencies": {
				"js-yaml": "3.3.x",
				"mocha": "1.20.x"
			},
			"engines": {
				"node": ">=0.10"
			}
		},
		"node_modules/argparse": {
			"version": "1.0.9",
			"dev": true,
			"license": "MIT",
			"dependencies": {
				"sprintf-js": "~1.0.2"
			}
		},
		"node_modules/commander": {
			"version": "2.0.0",
			"dev": true,
			"engines": {
				"node": ">= 0.6.x"
			}
		},
		"node_modules/country-data": {
			"version": "0.0.31",
			"license": "MIT",
			"dependencies": {
				"currency-symbol-map": "~2",
				"underscore": ">1.4.4"
			}
		},
		"node_modules/currency-symbol-map": {
			"version": "2.2.0",
			"license": "BSD-2-Clause"
		},
		"node_modules/debug": {
			"version": "2.4.5",
			"dev": true,
			"license": "MIT",
			"dependencies": {
				"ms": "0.7.2"
			}
		},
		"node_modules/diff": {
			"version": "1.0.7",
			"dev": true,
			"engines": {
				"node": ">=0.3.1"
			}
		},
		"node_modules/esprima": {
			"version": "2.2.0",
			"dev": true,
			"bin": {
				"esparse": "bin/esparse.js",
				"esvalidate": "bin/esvalidate.js"
			},
			"engines": {
				"node": ">=0.4.0"
			}
		},
		"node_modules/glob": {
			"version": "3.2.3",
			"dev": true,
			"license": "BSD",
			"dependencies": {
				"graceful-fs": "~2.0.0",
				"inherits": "2",
				"minimatch": "~0.2.11"
			},
			"engines": {
				"node": "*"
			}
		},
		"node_modules/graceful-fs": {
			"version": "2.0.3",
			"deprecated": "graceful-fs v3.0.0 and before will fail on node releases >= v7.0. Please update to graceful-fs@^4.0.0 as soon as possible. Use 'npm ls graceful-fs' to find it in the tree.",
			"dev": true,
			"license": "BSD",
			"engines": {
				"node": ">=0.4.0"
			}
		},
		"node_modules/growl": {
			"version": "1.7.0",
			"dev": true
		},
		"node_modules/inherits": {
			"version": "2.0.3",
			"dev": true,
			"license": "ISC"
		},
		"node_modules/jade": {
			"version": "0.26.3",
			"deprecated": "Jade has been renamed to pug, please install the latest version of pug instead of jade",
			"dev": true,
			"dependencies": {
				"commander": "0.6.1",
				"mkdirp": "0.3.0"
			},
			"bin": {
				"jade": "bin/jade"
			}
		},
		"node_modules/jade/node_modules/commander": {
			"version": "0.6.1",
			"dev": true,
			"engines": {
				"node": ">= 0.4.x"
			}
		},
		"node_modules/jade/node_modules/mkdirp": {
			"version": "0.3.0",
			"dev": true,
			"license": "MIT/X11",
			"engines": {
				"node": "*"
			}
		},
		"node_modules/js-yaml": {
			"version": "3.3.1",
			"dev": true,
			"license": "MIT",
			"dependencies": {
				"argparse": "~1.0.2",
				"esprima": "~2.2.0"
			},
			"bin": {
				"js-yaml": "bin/js-yaml.js"
			}
		},
		"node_modules/json-dry": {
			"version": "1.0.12",
			"resolved": "https://registry.npmjs.org/json-dry/-/json-dry-1.0.12.tgz",
			"integrity": "sha512-k3uhTyokwjUvzoy0G7c0L9Mjuny769j3623ct3TFurL7aXoA2lUMAp7INIYm5JafBUSsB6hmH0ZXvi3Pck8qrQ==",
			"engines": {
				"node": ">=6.4"
			}
		},
		"node_modules/lru-cache": {
			"version": "2.7.3",
			"dev": true,
			"license": "ISC"
		},
		"node_modules/minimatch": {
			"version": "0.2.14",
			"deprecated": "Please update to minimatch 3.0.2 or higher to avoid a RegExp DoS issue",
			"dev": true,
			"license": "MIT",
			"dependencies": {
				"lru-cache": "2",
				"sigmund": "~1.0.0"
			},
			"engines": {
				"node": "*"
			}
		},
		"node_modules/mkdirp": {
			"version": "0.3.5",
			"dev": true,
			"license": "MIT"
		},
		"node_modules/mocha": {
			"version": "1.20.1",
			"dev": true,
			"dependencies": {
				"commander": "2.0.0",
				"debug": "*",
				"diff": "1.0.7",
				"glob": "3.2.3",
				"growl": "1.7.x",
				"jade": "0.26.3",
				"mkdirp": "0.3.5"
			},
			"bin": {
				"_mocha": "bin/_mocha",
				"mocha": "bin/mocha"
			},
			"engines": {
				"node": ">= 0.4.x"
			}
		},
		"node_modules/ms": {
			"version": "0.7.2",
			"dev": true,
			"license": "MIT"
		},
		"node_modules/protoblast": {
			"version": "0.6.7",
			"resolved": "https://registry.npmjs.org/protoblast/-/protoblast-0.6.7.tgz",
			"integrity": "sha512-YP7saWNsiUN4pyzY7eXcG10gCTmuOSB20I9FznJzXn0cBDgUnWsutbNiQzzNQvkxRQVjMDqf7kWtHUEYAE6rVQ==",
			"dependencies": {
				"json-dry": "~1.0.10"
			},
			"engines": {
				"node": ">=4.8"
			}
		},
		"node_modules/sigmund": {
			"version": "1.0.1",
			"dev": true,
			"license": "ISC"
		},
		"node_modules/sprintf-js": {
			"version": "1.0.3",
			"dev": true,
			"license": "BSD-3-Clause"
		},
		"node_modules/underscore": {
			"version": "1.8.3",
			"license": "MIT"
		}
	}
}
